
Microsoft Visual Studio Solution File, Format Version 12.00
# Visual Studio 15
VisualStudioVersion = 15.0.28010.2036
MinimumVisualStudioVersion = 10.0.40219.1
Project("{FAE04EC0-301F-11D3-BF4B-00C04F79EFBC}") = "ejerciciosBucles", "ejerciciosBucles\ejerciciosBucles.csproj", "{A7A08BA9-74C5-4E4A-9776-178A16D0E4AD}"
EndProject
Global
	GlobalSection(SolutionConfigurationPlatforms) = preSolution
		Debug|Any CPU = Debug|Any CPU
		Release|Any CPU = Release|Any CPU
	EndGlobalSection
	GlobalSection(ProjectConfigurationPlatforms) = postSolution
		{A7A08BA9-74C5-4E4A-9776-178A16D0E4AD}.Debug|Any CPU.ActiveCfg = Debug|Any CPU
		{A7A08BA9-74C5-4E4A-9776-178A16D0E4AD}.Debug|Any CPU.Build.0 = Debug|Any CPU
		{A7A08BA9-74C5-4E4A-9776-178A16D0E4AD}.Release|Any CPU.ActiveCfg = Release|Any CPU
		{A7A08BA9-74C5-4E4A-9776-178A16D0E4AD}.Release|Any CPU.Build.0 = Release|Any CPU
	EndGlobalSection
	GlobalSection(SolutionProperties) = preSolution
		HideSolutionNode = FALSE
	EndGlobalSection
	GlobalSection(ExtensibilityGlobals) = postSolution
		SolutionGuid = {DD67A6FC-8ABA-4D6D-95B8-D032B81B7E65}
	EndGlobalSection
EndGlobal
